
Microsoft Visual Studio Solution File, Format Version 12.00
# Visual Studio Version 17
VisualStudioVersion = 17.13.35931.197 d17.13
MinimumVisualStudioVersion = 10.0.40219.1
Project("{FAE04EC0-301F-11D3-BF4B-00C04F79EFBC}") = "ForExamples", "ForExamples\ForExamples.csproj", "{94EFE3DA-0DAD-4B2C-9E7F-CE31D4961D28}"
EndProject
Global
	GlobalSection(SolutionConfigurationPlatforms) = preSolution
		Debug|Any CPU = Debug|Any CPU
		Release|Any CPU = Release|Any CPU
	EndGlobalSection
	GlobalSection(ProjectConfigurationPlatforms) = postSolution
		{94EFE3DA-0DAD-4B2C-9E7F-CE31D4961D28}.Debug|Any CPU.ActiveCfg = Debug|Any CPU
		{94EFE3DA-0DAD-4B2C-9E7F-CE31D4961D28}.Debug|Any CPU.Build.0 = Debug|Any CPU
		{94EFE3DA-0DAD-4B2C-9E7F-CE31D4961D28}.Release|Any CPU.ActiveCfg = Release|Any CPU
		{94EFE3DA-0DAD-4B2C-9E7F-CE31D4961D28}.Release|Any CPU.Build.0 = Release|Any CPU
	EndGlobalSection
	GlobalSection(SolutionProperties) = preSolution
		HideSolutionNode = FALSE
	EndGlobalSection
	GlobalSection(ExtensibilityGlobals) = postSolution
		SolutionGuid = {C4C44DA0-9CFC-4FD7-AC93-CEE03FA0F3A7}
	EndGlobalSection
EndGlobal
